{
  "name": "xlsx-parser",
  "version": "0.0.1",
  "lockfileVersion": 1,
  "requires": true,
  "dependencies": {
    "@types/bson": {
      "version": "4.0.0",
      "resolved": "https://registry.npmjs.org/@types/bson/-/bson-4.0.0.tgz",
      "integrity": "sha512-pq/rqJwJWkbS10crsG5bgnrisL8pML79KlMKQMoQwLUjlPAkrUHMvHJ3oGwE7WHR61Lv/nadMwXVAD2b+fpD8Q==",
      "dev": true,
      "requires": {
        "@types/node": "*"
      }
    },
    "@types/mongodb": {
      "version": "3.3.1",
      "resolved": "https://registry.npmjs.org/@types/mongodb/-/mongodb-3.3.1.tgz",
      "integrity": "sha512-Va7o1fN3zeabmIJSQ6yuAWkqPvrT38HSTIi4YbVOb2UL7FJ4diXrWt+OUuuEFWAVPtF9VZV5h+7LDYdzgXWgQA==",
      "dev": true,
      "requires": {
        "@types/bson": "*",
        "@types/node": "*"
      }
    },
    "@types/mongoose": {
      "version": "5.5.16",
      "resolved": "https://registry.npmjs.org/@types/mongoose/-/mongoose-5.5.16.tgz",
      "integrity": "sha512-He7VRmleSucCi63v2Hihy+ii1IqG4nTuXWsNrYXeCk7cBZ4J7jufbNcUNjswsDlSr9Ir1Eai/AQC9qDtecsXtA==",
      "dev": true,
      "requires": {
        "@types/mongodb": "*",
        "@types/node": "*"
      }
    },
    "@types/node": {
      "version": "12.7.3",
      "resolved": "https://registry.npmjs.org/@types/node/-/node-12.7.3.tgz",
      "integrity": "sha512-3SiLAIBkDWDg6vFo0+5YJyHPWU9uwu40Qe+v+0MH8wRKYBimHvvAOyk3EzMrD/TrIlLYfXrqDqrg913PynrMJQ==",
      "dev": true
    },
    "@types/xlsx": {
      "version": "0.0.36",
      "resolved": "https://registry.npmjs.org/@types/xlsx/-/xlsx-0.0.36.tgz",
      "integrity": "sha512-mvfrKiKKMErQzLMF8ElYEH21qxWCZtN59pHhWGmWCWFJStYdMWjkDSAy6mGowFxHXaXZWe5/TW7pBUiWclIVOw==",
      "dev": true,
      "requires": {
        "xlsx": "*"
      }
    },
    "adler-32": {
      "version": "1.2.0",
      "resolved": "https://registry.npmjs.org/adler-32/-/adler-32-1.2.0.tgz",
      "integrity": "sha1-aj5r8KY5ALoVZSgIyxXGgT0aXyU=",
      "requires": {
        "exit-on-epipe": "~1.0.1",
        "printj": "~1.1.0"
      }
    },
    "cfb": {
      "version": "1.1.3",
      "resolved": "https://registry.npmjs.org/cfb/-/cfb-1.1.3.tgz",
      "integrity": "sha512-joXBW0nMuwV9no7UTMiyVJnQL6XIU3ThXVjFUDHgl9MpILPOomyfaGqC290VELZ48bbQKZXnQ81UT5HouTxHsw==",
      "requires": {
        "adler-32": "~1.2.0",
        "commander": "^2.16.0",
        "crc-32": "~1.2.0",
        "printj": "~1.1.2"
      }
    },
    "codepage": {
      "version": "1.14.0",
      "resolved": "https://registry.npmjs.org/codepage/-/codepage-1.14.0.tgz",
      "integrity": "sha1-jL4lSBMjVZ19MHVxsP/5HnodL5k=",
      "requires": {
        "commander": "~2.14.1",
        "exit-on-epipe": "~1.0.1"
      },
      "dependencies": {
        "commander": {
          "version": "2.14.1",
          "resolved": "https://registry.npmjs.org/commander/-/commander-2.14.1.tgz",
          "integrity": "sha512-+YR16o3rK53SmWHU3rEM3tPAh2rwb1yPcQX5irVn7mb0gXbwuCCrnkbV5+PBfETdfg1vui07nM6PCG1zndcjQw=="
        }
      }
    },
    "commander": {
      "version": "2.17.1",
      "resolved": "https://registry.npmjs.org/commander/-/commander-2.17.1.tgz",
      "integrity": "sha512-wPMUt6FnH2yzG95SA6mzjQOEKUU3aLaDEmzs1ti+1E9h+CsrZghRlqEM/EJ4KscsQVG8uNN4uVreUeT8+drlgg=="
    },
    "crc-32": {
      "version": "1.2.0",
      "resolved": "https://registry.npmjs.org/crc-32/-/crc-32-1.2.0.tgz",
      "integrity": "sha512-1uBwHxF+Y/4yF5G48fwnKq6QsIXheor3ZLPT80yGBV1oEUwpPojlEhQbWKVw1VwcTQyMGHK1/XMmTjmlsmTTGA==",
      "requires": {
        "exit-on-epipe": "~1.0.1",
        "printj": "~1.1.0"
      }
    },
    "exit-on-epipe": {
      "version": "1.0.1",
      "resolved": "https://registry.npmjs.org/exit-on-epipe/-/exit-on-epipe-1.0.1.tgz",
      "integrity": "sha512-h2z5mrROTxce56S+pnvAV890uu7ls7f1kEvVGJbw1OlFH3/mlJ5bkXu0KRyW94v37zzHPiUd55iLn3DA7TjWpw=="
    },
    "frac": {
      "version": "1.1.2",
      "resolved": "https://registry.npmjs.org/frac/-/frac-1.1.2.tgz",
      "integrity": "sha512-w/XBfkibaTl3YDqASwfDUqkna4Z2p9cFSr1aHDt0WoMTECnRfBOv2WArlZILlqgWlmdIlALXGpM2AOhEk5W3IA=="
    },
    "printj": {
      "version": "1.1.2",
      "resolved": "https://registry.npmjs.org/printj/-/printj-1.1.2.tgz",
      "integrity": "sha512-zA2SmoLaxZyArQTOPj5LXecR+RagfPSU5Kw1qP+jkWeNlrq+eJZyY2oS68SU1Z/7/myXM4lo9716laOFAVStCQ=="
    },
    "ssf": {
      "version": "0.10.2",
      "resolved": "https://registry.npmjs.org/ssf/-/ssf-0.10.2.tgz",
      "integrity": "sha512-rDhAPm9WyIsY8eZEKyE8Qsotb3j/wBdvMWBUsOhJdfhKGLfQidRjiBUV0y/MkyCLiXQ38FG6LWW/VYUtqlIDZQ==",
      "requires": {
        "frac": "~1.1.2"
      }
    },
    "typescript": {
      "version": "3.6.2",
      "resolved": "https://registry.npmjs.org/typescript/-/typescript-3.6.2.tgz",
      "integrity": "sha512-lmQ4L+J6mnu3xweP8+rOrUwzmN+MRAj7TgtJtDaXE5PMyX2kCrklhg3rvOsOIfNeAWMQWO2F1GPc1kMD2vLAfw==",
      "dev": true
    },
    "xlsx": {
      "version": "0.15.1",
      "resolved": "https://registry.npmjs.org/xlsx/-/xlsx-0.15.1.tgz",
      "integrity": "sha512-z+o4+QPMc32EPboLCzJAz94o0Zyy+8jrmWTsVpfzwknFln9qDO6/HN1KrGGVC4//sGA7dh4R3HA4fhbGIKCDOA==",
      "requires": {
        "adler-32": "~1.2.0",
        "cfb": "^1.1.3",
        "codepage": "~1.14.0",
        "commander": "~2.17.1",
        "crc-32": "~1.2.0",
        "exit-on-epipe": "~1.0.1",
        "ssf": "~0.10.2"
      }
    }
  }
}
